
Microsoft Visual Studio Solution File, Format Version 12.00
# Visual Studio Version 16
VisualStudioVersion = 16.0.29503.13
MinimumVisualStudioVersion = 10.0.40219.1
Project("{FAE04EC0-301F-11D3-BF4B-00C04F79EFBC}") = "TestUseGitHubForDeployment", "TestUseGitHubForDeployment\TestUseGitHubForDeployment.csproj", "{06E7A59D-84C0-4997-A9F1-AE7D9141DE94}"
EndProject
Global
	GlobalSection(SolutionConfigurationPlatforms) = preSolution
		Debug|Any CPU = Debug|Any CPU
		Release|Any CPU = Release|Any CPU
	EndGlobalSection
	GlobalSection(ProjectConfigurationPlatforms) = postSolution
		{06E7A59D-84C0-4997-A9F1-AE7D9141DE94}.Debug|Any CPU.ActiveCfg = Debug|Any CPU
		{06E7A59D-84C0-4997-A9F1-AE7D9141DE94}.Debug|Any CPU.Build.0 = Debug|Any CPU
		{06E7A59D-84C0-4997-A9F1-AE7D9141DE94}.Release|Any CPU.ActiveCfg = Release|Any CPU
		{06E7A59D-84C0-4997-A9F1-AE7D9141DE94}.Release|Any CPU.Build.0 = Release|Any CPU
	EndGlobalSection
	GlobalSection(SolutionProperties) = preSolution
		HideSolutionNode = FALSE
	EndGlobalSection
	GlobalSection(ExtensibilityGlobals) = postSolution
		SolutionGuid = {986602A4-FD73-45C8-9456-2E7D6949AD8A}
	EndGlobalSection
EndGlobal
